
Microsoft Visual Studio Solution File, Format Version 12.00
# Visual Studio Version 17
VisualStudioVersion = 17.8.34322.80
MinimumVisualStudioVersion = 10.0.40219.1
Project("{9A19103F-16F7-4668-BE54-9A1E7A4F7556}") = "Prolab2", "Prolab2.csproj", "{0C68A7EE-29D1-499C-B277-F56AE42AB329}"
EndProject
Global
	GlobalSection(SolutionConfigurationPlatforms) = preSolution
		Debug|Any CPU = Debug|Any CPU
		Release|Any CPU = Release|Any CPU
	EndGlobalSection
	GlobalSection(ProjectConfigurationPlatforms) = postSolution
		{0C68A7EE-29D1-499C-B277-F56AE42AB329}.Debug|Any CPU.ActiveCfg = Debug|Any CPU
		{0C68A7EE-29D1-499C-B277-F56AE42AB329}.Debug|Any CPU.Build.0 = Debug|Any CPU
		{0C68A7EE-29D1-499C-B277-F56AE42AB329}.Release|Any CPU.ActiveCfg = Release|Any CPU
		{0C68A7EE-29D1-499C-B277-F56AE42AB329}.Release|Any CPU.Build.0 = Release|Any CPU
	EndGlobalSection
	GlobalSection(SolutionProperties) = preSolution
		HideSolutionNode = FALSE
	EndGlobalSection
	GlobalSection(ExtensibilityGlobals) = postSolution
		SolutionGuid = {93D0EB5D-BC36-4C7C-849D-A4573F8CCE97}
	EndGlobalSection
EndGlobal
